<?xml version="1.0" encoding="utf-8"?>
<Project ToolsVersion="4.0" xmlns="http://schemas.microsoft.com/developer/msbuild/2003">
  <ItemGroup>
    <Filter Include="Minimal-D3D12-Hook-ImGui-1.0.2">
      <UniqueIdentifier>{454b7e19-0677-4319-8a3e-b76d64ce1e4e}</UniqueIdentifier>
    </Filter>
    <Filter Include="Minimal-D3D12-Hook-ImGui-1.0.2\MinHook">
      <UniqueIdentifier>{5835f91a-08ef-4483-93be-e3a8c24dfd3f}</UniqueIdentifier>
    </Filter>
    <Filter Include="Minimal-D3D12-Hook-ImGui-1.0.2\MinHook\src">
      <UniqueIdentifier>{76100bdb-22b6-4362-91f1-38802c637e0d}</UniqueIdentifier>
    </Filter>
    <Filter Include="Minimal-D3D12-Hook-ImGui-1.0.2\MinHook\src\hde">
      <UniqueIdentifier>{8c00f93c-24c9-4426-bebd-20ff30105dee}</UniqueIdentifier>
    </Filter>
    <Filter Include="Minimal-D3D12-Hook-ImGui-1.0.2\MinHook\include">
      <UniqueIdentifier>{e14d6b2e-1cb1-434b-8a3c-321b10aea772}</UniqueIdentifier>
    </Filter>
    <Filter Include="Minimal-D3D12-Hook-ImGui-1.0.2\Main">
      <UniqueIdentifier>{082640e9-c1b7-4a29-b3a6-a41660cc8a9d}</UniqueIdentifier>
    </Filter>
    <Filter Include="Minimal-D3D12-Hook-ImGui-1.0.2\ImGui">
      <UniqueIdentifier>{3ef17958-1817-49ec-acef-bfe9df007a07}</UniqueIdentifier>
    </Filter>
    <Filter Include="Hack">
      <UniqueIdentifier>{5ffd617a-c27f-4e99-8cec-4acf994dac33}</UniqueIdentifier>
    </Filter>
    <Filter Include="sol2">
      <UniqueIdentifier>{fd9629f3-f2d3-4d15-bb44-fa7ec71ffa1f}</UniqueIdentifier>
    </Filter>
    <Filter Include="lua-5.4.8">
      <UniqueIdentifier>{69546abc-524d-4362-b46c-93d5e44bbfa5}</UniqueIdentifier>
    </Filter>
    <Filter Include="lua-5.4.8\src">
      <UniqueIdentifier>{df926852-cd77-45b0-8aaa-9095aa3b5220}</UniqueIdentifier>
    </Filter>
  </ItemGroup>
  <ItemGroup>
    <None Include="Minimal-D3D12-Hook-ImGui-1.0.2\LICENSE">
      <Filter>Minimal-D3D12-Hook-ImGui-1.0.2</Filter>
    </None>
    <None Include="lua-5.4.8\src\Makefile">
      <Filter>lua-5.4.8\src</Filter>
    </None>
  </ItemGroup>
  <ItemGroup>
    <Text Include="Minimal-D3D12-Hook-ImGui-1.0.2\MinHook\LICENSE.txt">
      <Filter>Minimal-D3D12-Hook-ImGui-1.0.2\MinHook</Filter>
    </Text>
    <Text Include="Minimal-D3D12-Hook-ImGui-1.0.2\ImGui\LICENSE.txt">
      <Filter>Minimal-D3D12-Hook-ImGui-1.0.2\ImGui</Filter>
    </Text>
    <Text Include="lua-5.4.8\License.txt">
      <Filter>lua-5.4.8</Filter>
    </Text>
  </ItemGroup>
  <ItemGroup>
    <ClInclude Include="Minimal-D3D12-Hook-ImGui-1.0.2\MinHook\include\MinHook.h">
      <Filter>Minimal-D3D12-Hook-ImGui-1.0.2\MinHook\include</Filter>
    </ClInclude>
    <ClInclude Include="Minimal-D3D12-Hook-ImGui-1.0.2\Main\mdx12_api.h">
      <Filter>Minimal-D3D12-Hook-ImGui-1.0.2\Main</Filter>
    </ClInclude>
    <ClInclude Include="Minimal-D3D12-Hook-ImGui-1.0.2\ImGui\imconfig.h">
      <Filter>Minimal-D3D12-Hook-ImGui-1.0.2\ImGui</Filter>
    </ClInclude>
    <ClInclude Include="Minimal-D3D12-Hook-ImGui-1.0.2\ImGui\imgui.h">
      <Filter>Minimal-D3D12-Hook-ImGui-1.0.2\ImGui</Filter>
    </ClInclude>
    <ClInclude Include="Minimal-D3D12-Hook-ImGui-1.0.2\ImGui\imgui_impl_dx12.h">
      <Filter>Minimal-D3D12-Hook-ImGui-1.0.2\ImGui</Filter>
    </ClInclude>
    <ClInclude Include="Minimal-D3D12-Hook-ImGui-1.0.2\ImGui\imgui_impl_win32.h">
      <Filter>Minimal-D3D12-Hook-ImGui-1.0.2\ImGui</Filter>
    </ClInclude>
    <ClInclude Include="Minimal-D3D12-Hook-ImGui-1.0.2\ImGui\imgui_internal.h">
      <Filter>Minimal-D3D12-Hook-ImGui-1.0.2\ImGui</Filter>
    </ClInclude>
    <ClInclude Include="Minimal-D3D12-Hook-ImGui-1.0.2\ImGui\imstb_rectpack.h">
      <Filter>Minimal-D3D12-Hook-ImGui-1.0.2\ImGui</Filter>
    </ClInclude>
    <ClInclude Include="Minimal-D3D12-Hook-ImGui-1.0.2\ImGui\imstb_textedit.h">
      <Filter>Minimal-D3D12-Hook-ImGui-1.0.2\ImGui</Filter>
    </ClInclude>
    <ClInclude Include="Minimal-D3D12-Hook-ImGui-1.0.2\ImGui\imstb_truetype.h">
      <Filter>Minimal-D3D12-Hook-ImGui-1.0.2\ImGui</Filter>
    </ClInclude>
    <ClInclude Include="Hack\Configs.h">
      <Filter>Hack</Filter>
    </ClInclude>
    <ClInclude Include="Hack\DrawESP.h">
      <Filter>Hack</Filter>
    </ClInclude>
    <ClInclude Include="Hack\DrawImGui.h">
      <Filter>Hack</Filter>
    </ClInclude>
    <ClInclude Include="Hack\ESP.h">
      <Filter>Hack</Filter>
    </ClInclude>
    <ClInclude Include="Hack\Aimbot.h">
      <Filter>Hack</Filter>
    </ClInclude>
    <ClInclude Include="Hack\LuaManager.h">
      <Filter>Hack</Filter>
    </ClInclude>
    <ClInclude Include="sol2\sol.hpp">
      <Filter>sol2</Filter>
    </ClInclude>
    <ClInclude Include="sol2\config.hpp">
      <Filter>sol2</Filter>
    </ClInclude>
    <ClInclude Include="sol2\forward.hpp">
      <Filter>sol2</Filter>
    </ClInclude>
    <ClInclude Include="lua-5.4.8\src\lapi.h">
      <Filter>lua-5.4.8\src</Filter>
    </ClInclude>
    <ClInclude Include="lua-5.4.8\src\lauxlib.h">
      <Filter>lua-5.4.8\src</Filter>
    </ClInclude>
    <ClInclude Include="lua-5.4.8\src\lcode.h">
      <Filter>lua-5.4.8\src</Filter>
    </ClInclude>
    <ClInclude Include="lua-5.4.8\src\lctype.h">
      <Filter>lua-5.4.8\src</Filter>
    </ClInclude>
    <ClInclude Include="lua-5.4.8\src\ldebug.h">
      <Filter>lua-5.4.8\src</Filter>
    </ClInclude>
    <ClInclude Include="lua-5.4.8\src\ldo.h">
      <Filter>lua-5.4.8\src</Filter>
    </ClInclude>
    <ClInclude Include="lua-5.4.8\src\lfunc.h">
      <Filter>lua-5.4.8\src</Filter>
    </ClInclude>
    <ClInclude Include="lua-5.4.8\src\lgc.h">
      <Filter>lua-5.4.8\src</Filter>
    </ClInclude>
    <ClInclude Include="lua-5.4.8\src\ljumptab.h">
      <Filter>lua-5.4.8\src</Filter>
    </ClInclude>
    <ClInclude Include="lua-5.4.8\src\llex.h">
      <Filter>lua-5.4.8\src</Filter>
    </ClInclude>
    <ClInclude Include="lua-5.4.8\src\llimits.h">
      <Filter>lua-5.4.8\src</Filter>
    </ClInclude>
    <ClInclude Include="lua-5.4.8\src\lmem.h">
      <Filter>lua-5.4.8\src</Filter>
    </ClInclude>
    <ClInclude Include="lua-5.4.8\src\lobject.h">
      <Filter>lua-5.4.8\src</Filter>
    </ClInclude>
    <ClInclude Include="lua-5.4.8\src\lopcodes.h">
      <Filter>lua-5.4.8\src</Filter>
    </ClInclude>
    <ClInclude Include="lua-5.4.8\src\lopnames.h">
      <Filter>lua-5.4.8\src</Filter>
    </ClInclude>
    <ClInclude Include="lua-5.4.8\src\lparser.h">
      <Filter>lua-5.4.8\src</Filter>
    </ClInclude>
    <ClInclude Include="lua-5.4.8\src\lprefix.h">
      <Filter>lua-5.4.8\src</Filter>
    </ClInclude>
    <ClInclude Include="lua-5.4.8\src\lstate.h">
      <Filter>lua-5.4.8\src</Filter>
    </ClInclude>
    <ClInclude Include="lua-5.4.8\src\lstring.h">
      <Filter>lua-5.4.8\src</Filter>
    </ClInclude>
    <ClInclude Include="lua-5.4.8\src\ltable.h">
      <Filter>lua-5.4.8\src</Filter>
    </ClInclude>
    <ClInclude Include="lua-5.4.8\src\ltm.h">
      <Filter>lua-5.4.8\src</Filter>
    </ClInclude>
    <ClInclude Include="lua-5.4.8\src\lua.h">
      <Filter>lua-5.4.8\src</Filter>
    </ClInclude>
    <ClInclude Include="lua-5.4.8\src\lua.hpp">
      <Filter>lua-5.4.8\src</Filter>
    </ClInclude>
    <ClInclude Include="lua-5.4.8\src\luaconf.h">
      <Filter>lua-5.4.8\src</Filter>
    </ClInclude>
    <ClInclude Include="lua-5.4.8\src\lualib.h">
      <Filter>lua-5.4.8\src</Filter>
    </ClInclude>
    <ClInclude Include="lua-5.4.8\src\lundump.h">
      <Filter>lua-5.4.8\src</Filter>
    </ClInclude>
    <ClInclude Include="lua-5.4.8\src\lvm.h">
      <Filter>lua-5.4.8\src</Filter>
    </ClInclude>
    <ClInclude Include="lua-5.4.8\src\lzio.h">
      <Filter>lua-5.4.8\src</Filter>
    </ClInclude>
    <ClInclude Include="Hack\SDK_Headers.hpp">
      <Filter>Hack</Filter>
    </ClInclude>
    <ClInclude Include="Hack\ConfigManager.h">
      <Filter>Hack</Filter>
    </ClInclude>
  </ItemGroup>
  <ItemGroup>
    <ClCompile Include="Minimal-D3D12-Hook-ImGui-1.0.2\Main\hook.cpp">
      <Filter>Minimal-D3D12-Hook-ImGui-1.0.2\Main</Filter>
    </ClCompile>
    <ClCompile Include="Minimal-D3D12-Hook-ImGui-1.0.2\Main\input.cpp">
      <Filter>Minimal-D3D12-Hook-ImGui-1.0.2\Main</Filter>
    </ClCompile>
    <ClCompile Include="Minimal-D3D12-Hook-ImGui-1.0.2\Main\mdx12_globals.cpp">
      <Filter>Minimal-D3D12-Hook-ImGui-1.0.2\Main</Filter>
    </ClCompile>
    <ClCompile Include="Minimal-D3D12-Hook-ImGui-1.0.2\Main\render.cpp">
      <Filter>Minimal-D3D12-Hook-ImGui-1.0.2\Main</Filter>
    </ClCompile>
    <ClCompile Include="Minimal-D3D12-Hook-ImGui-1.0.2\Main\setup_imgui.cpp">
      <Filter>Minimal-D3D12-Hook-ImGui-1.0.2\Main</Filter>
    </ClCompile>
    <ClCompile Include="Minimal-D3D12-Hook-ImGui-1.0.2\ImGui\imgui.cpp">
      <Filter>Minimal-D3D12-Hook-ImGui-1.0.2\ImGui</Filter>
    </ClCompile>
    <ClCompile Include="Minimal-D3D12-Hook-ImGui-1.0.2\ImGui\imgui_demo.cpp">
      <Filter>Minimal-D3D12-Hook-ImGui-1.0.2\ImGui</Filter>
    </ClCompile>
    <ClCompile Include="Minimal-D3D12-Hook-ImGui-1.0.2\ImGui\imgui_draw.cpp">
      <Filter>Minimal-D3D12-Hook-ImGui-1.0.2\ImGui</Filter>
    </ClCompile>
    <ClCompile Include="Minimal-D3D12-Hook-ImGui-1.0.2\ImGui\imgui_impl_dx12.cpp">
      <Filter>Minimal-D3D12-Hook-ImGui-1.0.2\ImGui</Filter>
    </ClCompile>
    <ClCompile Include="Minimal-D3D12-Hook-ImGui-1.0.2\ImGui\imgui_impl_win32.cpp">
      <Filter>Minimal-D3D12-Hook-ImGui-1.0.2\ImGui</Filter>
    </ClCompile>
    <ClCompile Include="Minimal-D3D12-Hook-ImGui-1.0.2\ImGui\imgui_tables.cpp">
      <Filter>Minimal-D3D12-Hook-ImGui-1.0.2\ImGui</Filter>
    </ClCompile>
    <ClCompile Include="Minimal-D3D12-Hook-ImGui-1.0.2\ImGui\imgui_widgets.cpp">
      <Filter>Minimal-D3D12-Hook-ImGui-1.0.2\ImGui</Filter>
    </ClCompile>
    <ClCompile Include="Hack\dllmain.cpp">
      <Filter>Hack</Filter>
    </ClCompile>
    <ClCompile Include="Hack\DrawESP.cpp">
      <Filter>Hack</Filter>
    </ClCompile>
    <ClCompile Include="Hack\DrawImGui.cpp">
      <Filter>Hack</Filter>
    </ClCompile>
    <ClCompile Include="Hack\ESP.cpp">
      <Filter>Hack</Filter>
    </ClCompile>
    <ClCompile Include="Hack\Aimbot.cpp">
      <Filter>Hack</Filter>
    </ClCompile>
    <ClCompile Include="Hack\LuaManager.cpp">
      <Filter>Hack</Filter>
    </ClCompile>
    <ClCompile Include="lua-5.4.8\src\lapi.c">
      <Filter>lua-5.4.8\src</Filter>
    </ClCompile>
    <ClCompile Include="lua-5.4.8\src\lauxlib.c">
      <Filter>lua-5.4.8\src</Filter>
    </ClCompile>
    <ClCompile Include="lua-5.4.8\src\lbaselib.c">
      <Filter>lua-5.4.8\src</Filter>
    </ClCompile>
    <ClCompile Include="lua-5.4.8\src\lcode.c">
      <Filter>lua-5.4.8\src</Filter>
    </ClCompile>
    <ClCompile Include="lua-5.4.8\src\lcorolib.c">
      <Filter>lua-5.4.8\src</Filter>
    </ClCompile>
    <ClCompile Include="lua-5.4.8\src\lctype.c">
      <Filter>lua-5.4.8\src</Filter>
    </ClCompile>
    <ClCompile Include="lua-5.4.8\src\ldblib.c">
      <Filter>lua-5.4.8\src</Filter>
    </ClCompile>
    <ClCompile Include="lua-5.4.8\src\ldebug.c">
      <Filter>lua-5.4.8\src</Filter>
    </ClCompile>
    <ClCompile Include="lua-5.4.8\src\ldo.c">
      <Filter>lua-5.4.8\src</Filter>
    </ClCompile>
    <ClCompile Include="lua-5.4.8\src\ldump.c">
      <Filter>lua-5.4.8\src</Filter>
    </ClCompile>
    <ClCompile Include="lua-5.4.8\src\lfunc.c">
      <Filter>lua-5.4.8\src</Filter>
    </ClCompile>
    <ClCompile Include="lua-5.4.8\src\lgc.c">
      <Filter>lua-5.4.8\src</Filter>
    </ClCompile>
    <ClCompile Include="lua-5.4.8\src\linit.c">
      <Filter>lua-5.4.8\src</Filter>
    </ClCompile>
    <ClCompile Include="lua-5.4.8\src\liolib.c">
      <Filter>lua-5.4.8\src</Filter>
    </ClCompile>
    <ClCompile Include="lua-5.4.8\src\llex.c">
      <Filter>lua-5.4.8\src</Filter>
    </ClCompile>
    <ClCompile Include="lua-5.4.8\src\lmathlib.c">
      <Filter>lua-5.4.8\src</Filter>
    </ClCompile>
    <ClCompile Include="lua-5.4.8\src\lmem.c">
      <Filter>lua-5.4.8\src</Filter>
    </ClCompile>
    <ClCompile Include="lua-5.4.8\src\loadlib.c">
      <Filter>lua-5.4.8\src</Filter>
    </ClCompile>
    <ClCompile Include="lua-5.4.8\src\lobject.c">
      <Filter>lua-5.4.8\src</Filter>
    </ClCompile>
    <ClCompile Include="lua-5.4.8\src\lopcodes.c">
      <Filter>lua-5.4.8\src</Filter>
    </ClCompile>
    <ClCompile Include="lua-5.4.8\src\loslib.c">
      <Filter>lua-5.4.8\src</Filter>
    </ClCompile>
    <ClCompile Include="lua-5.4.8\src\lparser.c">
      <Filter>lua-5.4.8\src</Filter>
    </ClCompile>
    <ClCompile Include="lua-5.4.8\src\lstate.c">
      <Filter>lua-5.4.8\src</Filter>
    </ClCompile>
    <ClCompile Include="lua-5.4.8\src\lstring.c">
      <Filter>lua-5.4.8\src</Filter>
    </ClCompile>
    <ClCompile Include="lua-5.4.8\src\lstrlib.c">
      <Filter>lua-5.4.8\src</Filter>
    </ClCompile>
    <ClCompile Include="lua-5.4.8\src\ltable.c">
      <Filter>lua-5.4.8\src</Filter>
    </ClCompile>
    <ClCompile Include="lua-5.4.8\src\ltablib.c">
      <Filter>lua-5.4.8\src</Filter>
    </ClCompile>
    <ClCompile Include="lua-5.4.8\src\ltm.c">
      <Filter>lua-5.4.8\src</Filter>
    </ClCompile>
    <ClCompile Include="lua-5.4.8\src\lundump.c">
      <Filter>lua-5.4.8\src</Filter>
    </ClCompile>
    <ClCompile Include="lua-5.4.8\src\lutf8lib.c">
      <Filter>lua-5.4.8\src</Filter>
    </ClCompile>
    <ClCompile Include="lua-5.4.8\src\lvm.c">
      <Filter>lua-5.4.8\src</Filter>
    </ClCompile>
    <ClCompile Include="lua-5.4.8\src\lzio.c">
      <Filter>lua-5.4.8\src</Filter>
    </ClCompile>
    <ClCompile Include="Hack\SDK_Impl.cpp">
      <Filter>Hack</Filter>
    </ClCompile>
    <ClCompile Include="Hack\ConfigManager.cpp">
      <Filter>Hack</Filter>
    </ClCompile>
  </ItemGroup>
</Project>