<?xml version="1.0" encoding="utf-8"?>
<Project ToolsVersion="4.0" xmlns="http://schemas.microsoft.com/developer/msbuild/2003">
  <ItemGroup>
    <Filter Include="Minimal-D3D12-Hook-ImGui-1.0.2">
      <UniqueIdentifier>{454b7e19-0677-4319-8a3e-b76d64ce1e4e}</UniqueIdentifier>
    </Filter>
    <Filter Include="Minimal-D3D12-Hook-ImGui-1.0.2\MinHook">
      <UniqueIdentifier>{5835f91a-08ef-4483-93be-e3a8c24dfd3f}</UniqueIdentifier>
    </Filter>
    <Filter Include="Minimal-D3D12-Hook-ImGui-1.0.2\MinHook\src">
      <UniqueIdentifier>{76100bdb-22b6-4362-91f1-38802c637e0d}</UniqueIdentifier>
    </Filter>
    <Filter Include="Minimal-D3D12-Hook-ImGui-1.0.2\MinHook\src\hde">
      <UniqueIdentifier>{8c00f93c-24c9-4426-bebd-20ff30105dee}</UniqueIdentifier>
    </Filter>
    <Filter Include="Minimal-D3D12-Hook-ImGui-1.0.2\MinHook\include">
      <UniqueIdentifier>{e14d6b2e-1cb1-434b-8a3c-321b10aea772}</UniqueIdentifier>
    </Filter>
    <Filter Include="Minimal-D3D12-Hook-ImGui-1.0.2\Main">
      <UniqueIdentifier>{082640e9-c1b7-4a29-b3a6-a41660cc8a9d}</UniqueIdentifier>
    </Filter>
    <Filter Include="Minimal-D3D12-Hook-ImGui-1.0.2\ImGui">
      <UniqueIdentifier>{3ef17958-1817-49ec-acef-bfe9df007a07}</UniqueIdentifier>
    </Filter>
    <Filter Include="Hack">
      <UniqueIdentifier>{5ffd617a-c27f-4e99-8cec-4acf994dac33}</UniqueIdentifier>
    </Filter>
    <Filter Include="sol2">
      <UniqueIdentifier>{fd9629f3-f2d3-4d15-bb44-fa7ec71ffa1f}</UniqueIdentifier>
    </Filter>
    <Filter Include="LuaJIT-2.1">
      <UniqueIdentifier>{6f351db4-9bb8-4260-8237-adbadf72fd40}</UniqueIdentifier>
    </Filter>
    <Filter Include="LuaJIT-2.1\src">
      <UniqueIdentifier>{f9ffb7ad-96a3-4481-952a-9bada9451e51}</UniqueIdentifier>
    </Filter>
  </ItemGroup>
  <ItemGroup>
    <None Include="Minimal-D3D12-Hook-ImGui-1.0.2\LICENSE">
      <Filter>Minimal-D3D12-Hook-ImGui-1.0.2</Filter>
    </None>
  </ItemGroup>
  <ItemGroup>
    <Text Include="Minimal-D3D12-Hook-ImGui-1.0.2\MinHook\LICENSE.txt">
      <Filter>Minimal-D3D12-Hook-ImGui-1.0.2\MinHook</Filter>
    </Text>
    <Text Include="Minimal-D3D12-Hook-ImGui-1.0.2\ImGui\LICENSE.txt">
      <Filter>Minimal-D3D12-Hook-ImGui-1.0.2\ImGui</Filter>
    </Text>
  </ItemGroup>
  <ItemGroup>
    <ClInclude Include="Minimal-D3D12-Hook-ImGui-1.0.2\MinHook\include\MinHook.h">
      <Filter>Minimal-D3D12-Hook-ImGui-1.0.2\MinHook\include</Filter>
    </ClInclude>
    <ClInclude Include="Minimal-D3D12-Hook-ImGui-1.0.2\Main\mdx12_api.h">
      <Filter>Minimal-D3D12-Hook-ImGui-1.0.2\Main</Filter>
    </ClInclude>
    <ClInclude Include="Minimal-D3D12-Hook-ImGui-1.0.2\ImGui\imconfig.h">
      <Filter>Minimal-D3D12-Hook-ImGui-1.0.2\ImGui</Filter>
    </ClInclude>
    <ClInclude Include="Minimal-D3D12-Hook-ImGui-1.0.2\ImGui\imgui.h">
      <Filter>Minimal-D3D12-Hook-ImGui-1.0.2\ImGui</Filter>
    </ClInclude>
    <ClInclude Include="Minimal-D3D12-Hook-ImGui-1.0.2\ImGui\imgui_impl_dx12.h">
      <Filter>Minimal-D3D12-Hook-ImGui-1.0.2\ImGui</Filter>
    </ClInclude>
    <ClInclude Include="Minimal-D3D12-Hook-ImGui-1.0.2\ImGui\imgui_impl_win32.h">
      <Filter>Minimal-D3D12-Hook-ImGui-1.0.2\ImGui</Filter>
    </ClInclude>
    <ClInclude Include="Minimal-D3D12-Hook-ImGui-1.0.2\ImGui\imgui_internal.h">
      <Filter>Minimal-D3D12-Hook-ImGui-1.0.2\ImGui</Filter>
    </ClInclude>
    <ClInclude Include="Minimal-D3D12-Hook-ImGui-1.0.2\ImGui\imstb_rectpack.h">
      <Filter>Minimal-D3D12-Hook-ImGui-1.0.2\ImGui</Filter>
    </ClInclude>
    <ClInclude Include="Minimal-D3D12-Hook-ImGui-1.0.2\ImGui\imstb_textedit.h">
      <Filter>Minimal-D3D12-Hook-ImGui-1.0.2\ImGui</Filter>
    </ClInclude>
    <ClInclude Include="Minimal-D3D12-Hook-ImGui-1.0.2\ImGui\imstb_truetype.h">
      <Filter>Minimal-D3D12-Hook-ImGui-1.0.2\ImGui</Filter>
    </ClInclude>
    <ClInclude Include="Hack\Configs.h">
      <Filter>Hack</Filter>
    </ClInclude>
    <ClInclude Include="Hack\DrawESP.h">
      <Filter>Hack</Filter>
    </ClInclude>
    <ClInclude Include="Hack\DrawImGui.h">
      <Filter>Hack</Filter>
    </ClInclude>
    <ClInclude Include="Hack\ESP.h">
      <Filter>Hack</Filter>
    </ClInclude>
    <ClInclude Include="Hack\Aimbot.h">
      <Filter>Hack</Filter>
    </ClInclude>
    <ClInclude Include="Hack\LuaManager.h">
      <Filter>Hack</Filter>
    </ClInclude>
    <ClInclude Include="sol2\sol.hpp">
      <Filter>sol2</Filter>
    </ClInclude>
    <ClInclude Include="sol2\config.hpp">
      <Filter>sol2</Filter>
    </ClInclude>
    <ClInclude Include="sol2\forward.hpp">
      <Filter>sol2</Filter>
    </ClInclude>
    <ClInclude Include="Hack\SDK_Headers.hpp">
      <Filter>Hack</Filter>
    </ClInclude>
    <ClInclude Include="Hack\ConfigManager.h">
      <Filter>Hack</Filter>
    </ClInclude>
    <ClInclude Include="Hack\infoCPU.h">
      <Filter>Hack</Filter>
    </ClInclude>
    <ClInclude Include="Hack\infoGPU.h">
      <Filter>Hack</Filter>
    </ClInclude>
    <ClInclude Include="LuaJIT-2.1\src\lua.hpp">
      <Filter>LuaJIT-2.1\src</Filter>
    </ClInclude>
    <ClInclude Include="LuaJIT-2.1\src\lualib.h">
      <Filter>LuaJIT-2.1\src</Filter>
    </ClInclude>
    <ClInclude Include="LuaJIT-2.1\src\luajit_rolling.h">
      <Filter>LuaJIT-2.1\src</Filter>
    </ClInclude>
    <ClInclude Include="LuaJIT-2.1\src\luajit.h">
      <Filter>LuaJIT-2.1\src</Filter>
    </ClInclude>
    <ClInclude Include="LuaJIT-2.1\src\luaconf.h">
      <Filter>LuaJIT-2.1\src</Filter>
    </ClInclude>
    <ClInclude Include="LuaJIT-2.1\src\lua.h">
      <Filter>LuaJIT-2.1\src</Filter>
    </ClInclude>
    <ClInclude Include="LuaJIT-2.1\src\lj_vmevent.h">
      <Filter>LuaJIT-2.1\src</Filter>
    </ClInclude>
    <ClInclude Include="LuaJIT-2.1\src\lj_vm.h">
      <Filter>LuaJIT-2.1\src</Filter>
    </ClInclude>
    <ClInclude Include="LuaJIT-2.1\src\lj_udata.h">
      <Filter>LuaJIT-2.1\src</Filter>
    </ClInclude>
    <ClInclude Include="LuaJIT-2.1\src\lj_traceerr.h">
      <Filter>LuaJIT-2.1\src</Filter>
    </ClInclude>
    <ClInclude Include="LuaJIT-2.1\src\lj_trace.h">
      <Filter>LuaJIT-2.1\src</Filter>
    </ClInclude>
    <ClInclude Include="LuaJIT-2.1\src\lj_target_x86.h">
      <Filter>LuaJIT-2.1\src</Filter>
    </ClInclude>
    <ClInclude Include="LuaJIT-2.1\src\lj_target_ppc.h">
      <Filter>LuaJIT-2.1\src</Filter>
    </ClInclude>
    <ClInclude Include="LuaJIT-2.1\src\lj_target_mips.h">
      <Filter>LuaJIT-2.1\src</Filter>
    </ClInclude>
    <ClInclude Include="LuaJIT-2.1\src\lj_target_arm64.h">
      <Filter>LuaJIT-2.1\src</Filter>
    </ClInclude>
    <ClInclude Include="LuaJIT-2.1\src\lj_target_arm.h">
      <Filter>LuaJIT-2.1\src</Filter>
    </ClInclude>
    <ClInclude Include="LuaJIT-2.1\src\lj_target.h">
      <Filter>LuaJIT-2.1\src</Filter>
    </ClInclude>
    <ClInclude Include="LuaJIT-2.1\src\lj_tab.h">
      <Filter>LuaJIT-2.1\src</Filter>
    </ClInclude>
    <ClInclude Include="LuaJIT-2.1\src\lj_strscan.h">
      <Filter>LuaJIT-2.1\src</Filter>
    </ClInclude>
    <ClInclude Include="LuaJIT-2.1\src\lj_strfmt.h">
      <Filter>LuaJIT-2.1\src</Filter>
    </ClInclude>
    <ClInclude Include="LuaJIT-2.1\src\lj_str.h">
      <Filter>LuaJIT-2.1\src</Filter>
    </ClInclude>
    <ClInclude Include="LuaJIT-2.1\src\lj_state.h">
      <Filter>LuaJIT-2.1\src</Filter>
    </ClInclude>
    <ClInclude Include="LuaJIT-2.1\src\lj_snap.h">
      <Filter>LuaJIT-2.1\src</Filter>
    </ClInclude>
    <ClInclude Include="LuaJIT-2.1\src\lj_serialize.h">
      <Filter>LuaJIT-2.1\src</Filter>
    </ClInclude>
    <ClInclude Include="LuaJIT-2.1\src\lj_record.h">
      <Filter>LuaJIT-2.1\src</Filter>
    </ClInclude>
    <ClInclude Include="LuaJIT-2.1\src\lj_recdef.h">
      <Filter>LuaJIT-2.1\src</Filter>
    </ClInclude>
    <ClInclude Include="LuaJIT-2.1\src\lj_profile.h">
      <Filter>LuaJIT-2.1\src</Filter>
    </ClInclude>
    <ClInclude Include="LuaJIT-2.1\src\lj_prng.h">
      <Filter>LuaJIT-2.1\src</Filter>
    </ClInclude>
    <ClInclude Include="LuaJIT-2.1\src\lj_parse.h">
      <Filter>LuaJIT-2.1\src</Filter>
    </ClInclude>
    <ClInclude Include="LuaJIT-2.1\src\lj_obj.h">
      <Filter>LuaJIT-2.1\src</Filter>
    </ClInclude>
    <ClInclude Include="LuaJIT-2.1\src\lj_meta.h">
      <Filter>LuaJIT-2.1\src</Filter>
    </ClInclude>
    <ClInclude Include="LuaJIT-2.1\src\lj_mcode.h">
      <Filter>LuaJIT-2.1\src</Filter>
    </ClInclude>
    <ClInclude Include="LuaJIT-2.1\src\lj_libdef.h">
      <Filter>LuaJIT-2.1\src</Filter>
    </ClInclude>
    <ClInclude Include="LuaJIT-2.1\src\lj_lib.h">
      <Filter>LuaJIT-2.1\src</Filter>
    </ClInclude>
    <ClInclude Include="LuaJIT-2.1\src\lj_lex.h">
      <Filter>LuaJIT-2.1\src</Filter>
    </ClInclude>
    <ClInclude Include="LuaJIT-2.1\src\lj_jit.h">
      <Filter>LuaJIT-2.1\src</Filter>
    </ClInclude>
    <ClInclude Include="LuaJIT-2.1\src\lj_iropt.h">
      <Filter>LuaJIT-2.1\src</Filter>
    </ClInclude>
    <ClInclude Include="LuaJIT-2.1\src\lj_ircall.h">
      <Filter>LuaJIT-2.1\src</Filter>
    </ClInclude>
    <ClInclude Include="LuaJIT-2.1\src\lj_ir.h">
      <Filter>LuaJIT-2.1\src</Filter>
    </ClInclude>
    <ClInclude Include="LuaJIT-2.1\src\lj_gdbjit.h">
      <Filter>LuaJIT-2.1\src</Filter>
    </ClInclude>
    <ClInclude Include="LuaJIT-2.1\src\lj_gc.h">
      <Filter>LuaJIT-2.1\src</Filter>
    </ClInclude>
    <ClInclude Include="LuaJIT-2.1\src\lj_func.h">
      <Filter>LuaJIT-2.1\src</Filter>
    </ClInclude>
    <ClInclude Include="LuaJIT-2.1\src\lj_frame.h">
      <Filter>LuaJIT-2.1\src</Filter>
    </ClInclude>
    <ClInclude Include="LuaJIT-2.1\src\lj_folddef.h">
      <Filter>LuaJIT-2.1\src</Filter>
    </ClInclude>
    <ClInclude Include="LuaJIT-2.1\src\lj_ffrecord.h">
      <Filter>LuaJIT-2.1\src</Filter>
    </ClInclude>
    <ClInclude Include="LuaJIT-2.1\src\lj_ffdef.h">
      <Filter>LuaJIT-2.1\src</Filter>
    </ClInclude>
    <ClInclude Include="LuaJIT-2.1\src\lj_ff.h">
      <Filter>LuaJIT-2.1\src</Filter>
    </ClInclude>
    <ClInclude Include="LuaJIT-2.1\src\lj_errmsg.h">
      <Filter>LuaJIT-2.1\src</Filter>
    </ClInclude>
    <ClInclude Include="LuaJIT-2.1\src\lj_err.h">
      <Filter>LuaJIT-2.1\src</Filter>
    </ClInclude>
    <ClInclude Include="LuaJIT-2.1\src\lj_emit_x86.h">
      <Filter>LuaJIT-2.1\src</Filter>
    </ClInclude>
    <ClInclude Include="LuaJIT-2.1\src\lj_emit_ppc.h">
      <Filter>LuaJIT-2.1\src</Filter>
    </ClInclude>
    <ClInclude Include="LuaJIT-2.1\src\lj_emit_mips.h">
      <Filter>LuaJIT-2.1\src</Filter>
    </ClInclude>
    <ClInclude Include="LuaJIT-2.1\src\lj_emit_arm64.h">
      <Filter>LuaJIT-2.1\src</Filter>
    </ClInclude>
    <ClInclude Include="LuaJIT-2.1\src\lj_emit_arm.h">
      <Filter>LuaJIT-2.1\src</Filter>
    </ClInclude>
    <ClInclude Include="LuaJIT-2.1\src\lj_dispatch.h">
      <Filter>LuaJIT-2.1\src</Filter>
    </ClInclude>
    <ClInclude Include="LuaJIT-2.1\src\lj_def.h">
      <Filter>LuaJIT-2.1\src</Filter>
    </ClInclude>
    <ClInclude Include="LuaJIT-2.1\src\lj_debug.h">
      <Filter>LuaJIT-2.1\src</Filter>
    </ClInclude>
    <ClInclude Include="LuaJIT-2.1\src\lj_ctype.h">
      <Filter>LuaJIT-2.1\src</Filter>
    </ClInclude>
    <ClInclude Include="LuaJIT-2.1\src\lj_crecord.h">
      <Filter>LuaJIT-2.1\src</Filter>
    </ClInclude>
    <ClInclude Include="LuaJIT-2.1\src\lj_cparse.h">
      <Filter>LuaJIT-2.1\src</Filter>
    </ClInclude>
    <ClInclude Include="LuaJIT-2.1\src\lj_clib.h">
      <Filter>LuaJIT-2.1\src</Filter>
    </ClInclude>
    <ClInclude Include="LuaJIT-2.1\src\lj_char.h">
      <Filter>LuaJIT-2.1\src</Filter>
    </ClInclude>
    <ClInclude Include="LuaJIT-2.1\src\lj_cdata.h">
      <Filter>LuaJIT-2.1\src</Filter>
    </ClInclude>
    <ClInclude Include="LuaJIT-2.1\src\lj_cconv.h">
      <Filter>LuaJIT-2.1\src</Filter>
    </ClInclude>
    <ClInclude Include="LuaJIT-2.1\src\lj_ccallback.h">
      <Filter>LuaJIT-2.1\src</Filter>
    </ClInclude>
    <ClInclude Include="LuaJIT-2.1\src\lj_ccall.h">
      <Filter>LuaJIT-2.1\src</Filter>
    </ClInclude>
    <ClInclude Include="LuaJIT-2.1\src\lj_carith.h">
      <Filter>LuaJIT-2.1\src</Filter>
    </ClInclude>
    <ClInclude Include="LuaJIT-2.1\src\lj_buf.h">
      <Filter>LuaJIT-2.1\src</Filter>
    </ClInclude>
    <ClInclude Include="LuaJIT-2.1\src\lj_bcdump.h">
      <Filter>LuaJIT-2.1\src</Filter>
    </ClInclude>
    <ClInclude Include="LuaJIT-2.1\src\lj_bcdef.h">
      <Filter>LuaJIT-2.1\src</Filter>
    </ClInclude>
    <ClInclude Include="LuaJIT-2.1\src\lj_bc.h">
      <Filter>LuaJIT-2.1\src</Filter>
    </ClInclude>
    <ClInclude Include="LuaJIT-2.1\src\lj_asm_x86.h">
      <Filter>LuaJIT-2.1\src</Filter>
    </ClInclude>
    <ClInclude Include="LuaJIT-2.1\src\lj_asm_ppc.h">
      <Filter>LuaJIT-2.1\src</Filter>
    </ClInclude>
    <ClInclude Include="LuaJIT-2.1\src\lj_asm_mips.h">
      <Filter>LuaJIT-2.1\src</Filter>
    </ClInclude>
    <ClInclude Include="LuaJIT-2.1\src\lj_asm_arm64.h">
      <Filter>LuaJIT-2.1\src</Filter>
    </ClInclude>
    <ClInclude Include="LuaJIT-2.1\src\lj_asm_arm.h">
      <Filter>LuaJIT-2.1\src</Filter>
    </ClInclude>
    <ClInclude Include="LuaJIT-2.1\src\lj_asm.h">
      <Filter>LuaJIT-2.1\src</Filter>
    </ClInclude>
    <ClInclude Include="LuaJIT-2.1\src\lj_arch.h">
      <Filter>LuaJIT-2.1\src</Filter>
    </ClInclude>
    <ClInclude Include="LuaJIT-2.1\src\lj_alloc.h">
      <Filter>LuaJIT-2.1\src</Filter>
    </ClInclude>
    <ClInclude Include="LuaJIT-2.1\src\lauxlib.h">
      <Filter>LuaJIT-2.1\src</Filter>
    </ClInclude>
  </ItemGroup>
  <ItemGroup>
    <ClCompile Include="Minimal-D3D12-Hook-ImGui-1.0.2\Main\hook.cpp">
      <Filter>Minimal-D3D12-Hook-ImGui-1.0.2\Main</Filter>
    </ClCompile>
    <ClCompile Include="Minimal-D3D12-Hook-ImGui-1.0.2\Main\input.cpp">
      <Filter>Minimal-D3D12-Hook-ImGui-1.0.2\Main</Filter>
    </ClCompile>
    <ClCompile Include="Minimal-D3D12-Hook-ImGui-1.0.2\Main\mdx12_globals.cpp">
      <Filter>Minimal-D3D12-Hook-ImGui-1.0.2\Main</Filter>
    </ClCompile>
    <ClCompile Include="Minimal-D3D12-Hook-ImGui-1.0.2\Main\render.cpp">
      <Filter>Minimal-D3D12-Hook-ImGui-1.0.2\Main</Filter>
    </ClCompile>
    <ClCompile Include="Minimal-D3D12-Hook-ImGui-1.0.2\Main\setup_imgui.cpp">
      <Filter>Minimal-D3D12-Hook-ImGui-1.0.2\Main</Filter>
    </ClCompile>
    <ClCompile Include="Minimal-D3D12-Hook-ImGui-1.0.2\ImGui\imgui.cpp">
      <Filter>Minimal-D3D12-Hook-ImGui-1.0.2\ImGui</Filter>
    </ClCompile>
    <ClCompile Include="Minimal-D3D12-Hook-ImGui-1.0.2\ImGui\imgui_demo.cpp">
      <Filter>Minimal-D3D12-Hook-ImGui-1.0.2\ImGui</Filter>
    </ClCompile>
    <ClCompile Include="Minimal-D3D12-Hook-ImGui-1.0.2\ImGui\imgui_draw.cpp">
      <Filter>Minimal-D3D12-Hook-ImGui-1.0.2\ImGui</Filter>
    </ClCompile>
    <ClCompile Include="Minimal-D3D12-Hook-ImGui-1.0.2\ImGui\imgui_impl_dx12.cpp">
      <Filter>Minimal-D3D12-Hook-ImGui-1.0.2\ImGui</Filter>
    </ClCompile>
    <ClCompile Include="Minimal-D3D12-Hook-ImGui-1.0.2\ImGui\imgui_impl_win32.cpp">
      <Filter>Minimal-D3D12-Hook-ImGui-1.0.2\ImGui</Filter>
    </ClCompile>
    <ClCompile Include="Minimal-D3D12-Hook-ImGui-1.0.2\ImGui\imgui_tables.cpp">
      <Filter>Minimal-D3D12-Hook-ImGui-1.0.2\ImGui</Filter>
    </ClCompile>
    <ClCompile Include="Minimal-D3D12-Hook-ImGui-1.0.2\ImGui\imgui_widgets.cpp">
      <Filter>Minimal-D3D12-Hook-ImGui-1.0.2\ImGui</Filter>
    </ClCompile>
    <ClCompile Include="Hack\dllmain.cpp">
      <Filter>Hack</Filter>
    </ClCompile>
    <ClCompile Include="Hack\DrawESP.cpp">
      <Filter>Hack</Filter>
    </ClCompile>
    <ClCompile Include="Hack\DrawImGui.cpp">
      <Filter>Hack</Filter>
    </ClCompile>
    <ClCompile Include="Hack\ESP.cpp">
      <Filter>Hack</Filter>
    </ClCompile>
    <ClCompile Include="Hack\Aimbot.cpp">
      <Filter>Hack</Filter>
    </ClCompile>
    <ClCompile Include="Hack\LuaManager.cpp">
      <Filter>Hack</Filter>
    </ClCompile>
    <ClCompile Include="Hack\SDK_Impl.cpp">
      <Filter>Hack</Filter>
    </ClCompile>
    <ClCompile Include="Hack\ConfigManager.cpp">
      <Filter>Hack</Filter>
    </ClCompile>
    <ClCompile Include="Hack\infoCPU.cpp">
      <Filter>Hack</Filter>
    </ClCompile>
    <ClCompile Include="Hack\infoGPU.cpp">
      <Filter>Hack</Filter>
    </ClCompile>
    <ClCompile Include="LuaJIT-2.1\src\ljamalg.c">
      <Filter>LuaJIT-2.1\src</Filter>
    </ClCompile>
    <ClCompile Include="LuaJIT-2.1\src\luajit.c">
      <Filter>LuaJIT-2.1\src</Filter>
    </ClCompile>
  </ItemGroup>
  <ItemGroup>
    <Object Include="LuaJIT-2.1\src\lj_vm.obj">
      <Filter>LuaJIT-2.1\src</Filter>
    </Object>
  </ItemGroup>
</Project>